
Microsoft Visual Studio Solution File, Format Version 12.00
# Visual Studio Version 16
VisualStudioVersion = 16.0.31105.61
MinimumVisualStudioVersion = 10.0.40219.1
Project("{FAE04EC0-301F-11D3-BF4B-00C04F79EFBC}") = "Bookstore", "Bookstore\Bookstore.csproj", "{574B92FD-1C9D-4FCC-BC15-28B883831EAE}"
EndProject
Global
	GlobalSection(SolutionConfigurationPlatforms) = preSolution
		Debug|Any CPU = Debug|Any CPU
		Release|Any CPU = Release|Any CPU
	EndGlobalSection
	GlobalSection(ProjectConfigurationPlatforms) = postSolution
		{574B92FD-1C9D-4FCC-BC15-28B883831EAE}.Debug|Any CPU.ActiveCfg = Debug|Any CPU
		{574B92FD-1C9D-4FCC-BC15-28B883831EAE}.Debug|Any CPU.Build.0 = Debug|Any CPU
		{574B92FD-1C9D-4FCC-BC15-28B883831EAE}.Release|Any CPU.ActiveCfg = Release|Any CPU
		{574B92FD-1C9D-4FCC-BC15-28B883831EAE}.Release|Any CPU.Build.0 = Release|Any CPU
	EndGlobalSection
	GlobalSection(SolutionProperties) = preSolution
		HideSolutionNode = FALSE
	EndGlobalSection
	GlobalSection(ExtensibilityGlobals) = postSolution
		SolutionGuid = {328297F4-B3CC-45F9-8A74-507771999564}
	EndGlobalSection
EndGlobal
